// !$*UTF8*$!
{
	archiveVersion = 1;
	classes = {
	};
	objectVersion = 56;
	objects = {

/* Begin PBXBuildFile section */
		08FE36512948280000D5CBD6 /* AppDelegate.m in Sources */ = {isa = PBXBuildFile; fileRef = 08FE36502948280000D5CBD6 /* AppDelegate.m */; };
		08FE36542948280000D5CBD6 /* SceneDelegate.m in Sources */ = {isa = PBXBuildFile; fileRef = 08FE36532948280000D5CBD6 /* SceneDelegate.m */; };
		08FE36572948280000D5CBD6 /* ViewController.m in Sources */ = {isa = PBXBuildFile; fileRef = 08FE36562948280000D5CBD6 /* ViewController.m */; };
		08FE365A2948280000D5CBD6 /* Main.storyboard in Resources */ = {isa = PBXBuildFile; fileRef = 08FE36582948280000D5CBD6 /* Main.storyboard */; };
		08FE365C2948280300D5CBD6 /* Assets.xcassets in Resources */ = {isa = PBXBuildFile; fileRef = 08FE365B2948280300D5CBD6 /* Assets.xcassets */; };
		08FE365F2948280300D5CBD6 /* LaunchScreen.storyboard in Resources */ = {isa = PBXBuildFile; fileRef = 08FE365D2948280300D5CBD6 /* LaunchScreen.storyboard */; };
		08FE36622948280300D5CBD6 /* main.m in Sources */ = {isa = PBXBuildFile; fileRef = 08FE36612948280300D5CBD6 /* main.m */; };
/* End PBXBuildFile section */

/* Begin PBXFileReference section */
		08FE364C2948280000D5CBD6 /* FLSectionBackgroundCollectionViewLayout.app */ = {isa = PBXFileReference; explicitFileType = wrapper.application; includeInIndex = 0; path = FLSectionBackgroundCollectionViewLayout.app; sourceTree = BUILT_PRODUCTS_DIR; };
		08FE364F2948280000D5CBD6 /* AppDelegate.h */ = {isa = PBXFileReference; lastKnownFileType = sourcecode.c.h; path = AppDelegate.h; sourceTree = "<group>"; };
		08FE36502948280000D5CBD6 /* AppDelegate.m */ = {isa = PBXFileReference; lastKnownFileType = sourcecode.c.objc; path = AppDelegate.m; sourceTree = "<group>"; };
		08FE36522948280000D5CBD6 /* SceneDelegate.h */ = {isa = PBXFileReference; lastKnownFileType = sourcecode.c.h; path = SceneDelegate.h; sourceTree = "<group>"; };
		08FE36532948280000D5CBD6 /* SceneDelegate.m */ = {isa = PBXFileReference; lastKnownFileType = sourcecode.c.objc; path = SceneDelegate.m; sourceTree = "<group>"; };
		08FE36552948280000D5CBD6 /* ViewController.h */ = {isa = PBXFileReference; lastKnownFileType = sourcecode.c.h; path = ViewController.h; sourceTree = "<group>"; };
		08FE36562948280000D5CBD6 /* ViewController.m */ = {isa = PBXFileReference; lastKnownFileType = sourcecode.c.objc; path = ViewController.m; sourceTree = "<group>"; };
		08FE36592948280000D5CBD6 /* Base */ = {isa = PBXFileReference; lastKnownFileType = file.storyboard; name = Base; path = Base.lproj/Main.storyboard; sourceTree = "<group>"; };
		08FE365B2948280300D5CBD6 /* Assets.xcassets */ = {isa = PBXFileReference; lastKnownFileType = folder.assetcatalog; path = Assets.xcassets; sourceTree = "<group>"; };
		08FE365E2948280300D5CBD6 /* Base */ = {isa = PBXFileReference; lastKnownFileType = file.storyboard; name = Base; path = Base.lproj/LaunchScreen.storyboard; sourceTree = "<group>"; };
		08FE36602948280300D5CBD6 /* Info.plist */ = {isa = PBXFileReference; lastKnownFileType = text.plist.xml; path = Info.plist; sourceTree = "<group>"; };
		08FE36612948280300D5CBD6 /* main.m */ = {isa = PBXFileReference; lastKnownFileType = sourcecode.c.objc; path = main.m; sourceTree = "<group>"; };
/* End PBXFileReference section */

/* Begin PBXFrameworksBuildPhase section */
		08FE36492948280000D5CBD6 /* Frameworks */ = {
			isa = PBXFrameworksBuildPhase;
			buildActionMask = 2147483647;
			files = (
			);
			runOnlyForDeploymentPostprocessing = 0;
		};
/* End PBXFrameworksBuildPhase section */

/* Begin PBXGroup section */
		08FE36432948280000D5CBD6 = {
			isa = PBXGroup;
			children = (
				08FE364E2948280000D5CBD6 /* FLSectionBackgroundCollectionViewLayout */,
				08FE364D2948280000D5CBD6 /* Products */,
			);
			sourceTree = "<group>";
		};
		08FE364D2948280000D5CBD6 /* Products */ = {
			isa = PBXGroup;
			children = (
				08FE364C2948280000D5CBD6 /* FLSectionBackgroundCollectionViewLayout.app */,
			);
			name = Products;
			sourceTree = "<group>";
		};
		08FE364E2948280000D5CBD6 /* FLSectionBackgroundCollectionViewLayout */ = {
			isa = PBXGroup;
			children = (
				08FE364F2948280000D5CBD6 /* AppDelegate.h */,
				08FE36502948280000D5CBD6 /* AppDelegate.m */,
				08FE36522948280000D5CBD6 /* SceneDelegate.h */,
				08FE36532948280000D5CBD6 /* SceneDelegate.m */,
				08FE36552948280000D5CBD6 /* ViewController.h */,
				08FE36562948280000D5CBD6 /* ViewController.m */,
				08FE36582948280000D5CBD6 /* Main.storyboard */,
				08FE365B2948280300D5CBD6 /* Assets.xcassets */,
				08FE365D2948280300D5CBD6 /* LaunchScreen.storyboard */,
				08FE36602948280300D5CBD6 /* Info.plist */,
				08FE36612948280300D5CBD6 /* main.m */,
			);
			path = FLSectionBackgroundCollectionViewLayout;
			sourceTree = "<group>";
		};
/* End PBXGroup section */

/* Begin PBXNativeTarget section */
		08FE364B2948280000D5CBD6 /* FLSectionBackgroundCollectionViewLayout */ = {
			isa = PBXNativeTarget;
			buildConfigurationList = 08FE36652948280300D5CBD6 /* Build configuration list for PBXNativeTarget "FLSectionBackgroundCollectionViewLayout" */;
			buildPhases = (
				08FE36482948280000D5CBD6 /* Sources */,
				08FE36492948280000D5CBD6 /* Frameworks */,
				08FE364A2948280000D5CBD6 /* Resources */,
			);
			buildRules = (
			);
			dependencies = (
			);
			name = FLSectionBackgroundCollectionViewLayout;
			productName = FLSectionBackgroundCollectionViewLayout;
			productReference = 08FE364C2948280000D5CBD6 /* FLSectionBackgroundCollectionViewLayout.app */;
			productType = "com.apple.product-type.application";
		};
/* End PBXNativeTarget section */

/* Begin PBXProject section */
		08FE36442948280000D5CBD6 /* Project object */ = {
			isa = PBXProject;
			attributes = {
				BuildIndependentTargetsInParallel = 1;
				LastUpgradeCheck = 1410;
				TargetAttributes = {
					08FE364B2948280000D5CBD6 = {
						CreatedOnToolsVersion = 14.1;
					};
				};
			};
			buildConfigurationList = 08FE36472948280000D5CBD6 /* Build configuration list for PBXProject "FLSectionBackgroundCollectionViewLayout" */;
			compatibilityVersion = "Xcode 14.0";
			developmentRegion = en;
			hasScannedForEncodings = 0;
			knownRegions = (
				en,
				Base,
			);
			mainGroup = 08FE36432948280000D5CBD6;
			productRefGroup = 08FE364D2948280000D5CBD6 /* Products */;
			projectDirPath = "";
			projectRoot = "";
			targets = (
				08FE364B2948280000D5CBD6 /* FLSectionBackgroundCollectionViewLayout */,
			);
		};
/* End PBXProject section */

/* Begin PBXResourcesBuildPhase section */
		08FE364A2948280000D5CBD6 /* Resources */ = {
			isa = PBXResourcesBuildPhase;
			buildActionMask = 2147483647;
			files = (
				08FE365F2948280300D5CBD6 /* LaunchScreen.storyboard in Resources */,
				08FE365C2948280300D5CBD6 /* Assets.xcassets in Resources */,
				08FE365A2948280000D5CBD6 /* Main.storyboard in Resources */,
			);
			runOnlyForDeploymentPostprocessing = 0;
		};
/* End PBXResourcesBuildPhase section */

/* Begin PBXSourcesBuildPhase section */
		08FE36482948280000D5CBD6 /* Sources */ = {
			isa = PBXSourcesBuildPhase;
			buildActionMask = 2147483647;
			files = (
				08FE36572948280000D5CBD6 /* ViewController.m in Sources */,
				08FE36512948280000D5CBD6 /* AppDelegate.m in Sources */,
				08FE36622948280300D5CBD6 /* main.m in Sources */,
				08FE36542948280000D5CBD6 /* SceneDelegate.m in Sources */,
			);
			runOnlyForDeploymentPostprocessing = 0;
		};
/* End PBXSourcesBuildPhase section */

/* Begin PBXVariantGroup section */
		08FE36582948280000D5CBD6 /* Main.storyboard */ = {
			isa = PBXVariantGroup;
			children = (
				08FE36592948280000D5CBD6 /* Base */,
			);
			name = Main.storyboard;
			sourceTree = "<group>";
		};
		08FE365D2948280300D5CBD6 /* LaunchScreen.storyboard */ = {
			isa = PBXVariantGroup;
			children = (
				08FE365E2948280300D5CBD6 /* Base */,
			);
			name = LaunchScreen.storyboard;
			sourceTree = "<group>";
		};
/* End PBXVariantGroup section */

/* Begin XCBuildConfiguration section */
		08FE36632948280300D5CBD6 /* Debug */ = {
			isa = XCBuildConfiguration;
			buildSettings = {
				ALWAYS_SEARCH_USER_PATHS = NO;
				CLANG_ANALYZER_NONNULL = YES;
				CLANG_ANALYZER_NUMBER_OBJECT_CONVERSION = YES_AGGRESSIVE;
				CLANG_CXX_LANGUAGE_STANDARD = "gnu++20";
				CLANG_ENABLE_MODULES = YES;
				CLANG_ENABLE_OBJC_ARC = YES;
				CLANG_ENABLE_OBJC_WEAK = YES;
				CLANG_WARN_BLOCK_CAPTURE_AUTORELEASING = YES;
				CLANG_WARN_BOOL_CONVERSION = YES;
				CLANG_WARN_COMMA = YES;
				CLANG_WARN_CONSTANT_CONVERSION = YES;
				CLANG_WARN_DEPRECATED_OBJC_IMPLEMENTATIONS = YES;
				CLANG_WARN_DIRECT_OBJC_ISA_USAGE = YES_ERROR;
				CLANG_WARN_DOCUMENTATION_COMMENTS = YES;
				CLANG_WARN_EMPTY_BODY = YES;
				CLANG_WARN_ENUM_CONVERSION = YES;
				CLANG_WARN_INFINITE_RECURSION = YES;
				CLANG_WARN_INT_CONVERSION = YES;
				CLANG_WARN_NON_LITERAL_NULL_CONVERSION = YES;
				CLANG_WARN_OBJC_IMPLICIT_RETAIN_SELF = YES;
				CLANG_WARN_OBJC_LITERAL_CONVERSION = YES;
				CLANG_WARN_OBJC_ROOT_CLASS = YES_ERROR;
				CLANG_WARN_QUOTED_INCLUDE_IN_FRAMEWORK_HEADER = YES;
				CLANG_WARN_RANGE_LOOP_ANALYSIS = YES;
				CLANG_WARN_STRICT_PROTOTYPES = YES;
				CLANG_WARN_SUSPICIOUS_MOVE = YES;
				CLANG_WARN_UNGUARDED_AVAILABILITY = YES_AGGRESSIVE;
				CLANG_WARN_UNREACHABLE_CODE = YES;
				CLANG_WARN__DUPLICATE_METHOD_MATCH = YES;
				COPY_PHASE_STRIP = NO;
				DEBUG_INFORMATION_FORMAT = dwarf;
				ENABLE_STRICT_OBJC_MSGSEND = YES;
				ENABLE_TESTABILITY = YES;
				GCC_C_LANGUAGE_STANDARD = gnu11;
				GCC_DYNAMIC_NO_PIC = NO;
				GCC_NO_COMMON_BLOCKS = YES;
				GCC_OPTIMIZATION_LEVEL = 0;
				GCC_PREPROCESSOR_DEFINITIONS = (
					"DEBUG=1",
					"$(inherited)",
				);
				GCC_WARN_64_TO_32_BIT_CONVERSION = YES;
				GCC_WARN_ABOUT_RETURN_TYPE = YES_ERROR;
				GCC_WARN_UNDECLARED_SELECTOR = YES;
				GCC_WARN_UNINITIALIZED_AUTOS = YES_AGGRESSIVE;
				GCC_WARN_UNUSED_FUNCTION = YES;
				GCC_WARN_UNUSED_VARIABLE = YES;
				IPHONEOS_DEPLOYMENT_TARGET = 16.1;
				MTL_ENABLE_DEBUG_INFO = INCLUDE_SOURCE;
				MTL_FAST_MATH = YES;
				ONLY_ACTIVE_ARCH = YES;
				SDKROOT = iphoneos;
			};
			name = Debug;
		};
		08FE36642948280300D5CBD6 /* Release */ = {
			isa = XCBuildConfiguration;
			buildSettings = {
				ALWAYS_SEARCH_USER_PATHS = NO;
				CLANG_ANALYZER_NONNULL = YES;
				CLANG_ANALYZER_NUMBER_OBJECT_CONVERSION = YES_AGGRESSIVE;
				CLANG_CXX_LANGUAGE_STANDARD = "gnu++20";
				CLANG_ENABLE_MODULES = YES;
				CLANG_ENABLE_OBJC_ARC = YES;
				CLANG_ENABLE_OBJC_WEAK = YES;
				CLANG_WARN_BLOCK_CAPTURE_AUTORELEASING = YES;
				CLANG_WARN_BOOL_CONVERSION = YES;
				CLANG_WARN_COMMA = YES;
				CLANG_WARN_CONSTANT_CONVERSION = YES;
				CLANG_WARN_DEPRECATED_OBJC_IMPLEMENTATIONS = YES;
				CLANG_WARN_DIRECT_OBJC_ISA_USAGE = YES_ERROR;
				CLANG_WARN_DOCUMENTATION_COMMENTS = YES;
				CLANG_WARN_EMPTY_BODY = YES;
				CLANG_WARN_ENUM_CONVERSION = YES;
				CLANG_WARN_INFINITE_RECURSION = YES;
				CLANG_WARN_INT_CONVERSION = YES;
				CLANG_WARN_NON_LITERAL_NULL_CONVERSION = YES;
				CLANG_WARN_OBJC_IMPLICIT_RETAIN_SELF = YES;
				CLANG_WARN_OBJC_LITERAL_CONVERSION = YES;
				CLANG_WARN_OBJC_ROOT_CLASS = YES_ERROR;
				CLANG_WARN_QUOTED_INCLUDE_IN_FRAMEWORK_HEADER = YES;
				CLANG_WARN_RANGE_LOOP_ANALYSIS = YES;
				CLANG_WARN_STRICT_PROTOTYPES = YES;
				CLANG_WARN_SUSPICIOUS_MOVE = YES;
				CLANG_WARN_UNGUARDED_AVAILABILITY = YES_AGGRESSIVE;
				CLANG_WARN_UNREACHABLE_CODE = YES;
				CLANG_WARN__DUPLICATE_METHOD_MATCH = YES;
				COPY_PHASE_STRIP = NO;
				DEBUG_INFORMATION_FORMAT = "dwarf-with-dsym";
				ENABLE_NS_ASSERTIONS = NO;
				ENABLE_STRICT_OBJC_MSGSEND = YES;
				GCC_C_LANGUAGE_STANDARD = gnu11;
				GCC_NO_COMMON_BLOCKS = YES;
				GCC_WARN_64_TO_32_BIT_CONVERSION = YES;
				GCC_WARN_ABOUT_RETURN_TYPE = YES_ERROR;
				GCC_WARN_UNDECLARED_SELECTOR = YES;
				GCC_WARN_UNINITIALIZED_AUTOS = YES_AGGRESSIVE;
				GCC_WARN_UNUSED_FUNCTION = YES;
				GCC_WARN_UNUSED_VARIABLE = YES;
				IPHONEOS_DEPLOYMENT_TARGET = 16.1;
				MTL_ENABLE_DEBUG_INFO = NO;
				MTL_FAST_MATH = YES;
				SDKROOT = iphoneos;
				VALIDATE_PRODUCT = YES;
			};
			name = Release;
		};
		08FE36662948280300D5CBD6 /* Debug */ = {
			isa = XCBuildConfiguration;
			buildSettings = {
				ASSETCATALOG_COMPILER_APPICON_NAME = AppIcon;
				ASSETCATALOG_COMPILER_GLOBAL_ACCENT_COLOR_NAME = AccentColor;
				CODE_SIGN_STYLE = Automatic;
				CURRENT_PROJECT_VERSION = 1;
				DEVELOPMENT_TEAM = JK3DEUP7YL;
				GENERATE_INFOPLIST_FILE = YES;
				INFOPLIST_FILE = FLSectionBackgroundCollectionViewLayout/Info.plist;
				INFOPLIST_KEY_UIApplicationSupportsIndirectInputEvents = YES;
				INFOPLIST_KEY_UILaunchStoryboardName = LaunchScreen;
				INFOPLIST_KEY_UIMainStoryboardFile = Main;
				INFOPLIST_KEY_UISupportedInterfaceOrientations_iPad = "UIInterfaceOrientationPortrait UIInterfaceOrientationPortraitUpsideDown UIInterfaceOrientationLandscapeLeft UIInterfaceOrientationLandscapeRight";
				INFOPLIST_KEY_UISupportedInterfaceOrientations_iPhone = "UIInterfaceOrientationPortrait UIInterfaceOrientationLandscapeLeft UIInterfaceOrientationLandscapeRight";
				LD_RUNPATH_SEARCH_PATHS = (
					"$(inherited)",
					"@executable_path/Frameworks",
				);
				MARKETING_VERSION = 1.0;
				PRODUCT_BUNDLE_IDENTIFIER = com.RomanticEncounter.FLSectionBackgroundCollectionViewLayout;
				PRODUCT_NAME = "$(TARGET_NAME)";
				SWIFT_EMIT_LOC_STRINGS = YES;
				TARGETED_DEVICE_FAMILY = "1,2";
			};
			name = Debug;
		};
		08FE36672948280300D5CBD6 /* Release */ = {
			isa = XCBuildConfiguration;
			buildSettings = {
				ASSETCATALOG_COMPILER_APPICON_NAME = AppIcon;
				ASSETCATALOG_COMPILER_GLOBAL_ACCENT_COLOR_NAME = AccentColor;
				CODE_SIGN_STYLE = Automatic;
				CURRENT_PROJECT_VERSION = 1;
				DEVELOPMENT_TEAM = JK3DEUP7YL;
				GENERATE_INFOPLIST_FILE = YES;
				INFOPLIST_FILE = FLSectionBackgroundCollectionViewLayout/Info.plist;
				INFOPLIST_KEY_UIApplicationSupportsIndirectInputEvents = YES;
				INFOPLIST_KEY_UILaunchStoryboardName = LaunchScreen;
				INFOPLIST_KEY_UIMainStoryboardFile = Main;
				INFOPLIST_KEY_UISupportedInterfaceOrientations_iPad = "UIInterfaceOrientationPortrait UIInterfaceOrientationPortraitUpsideDown UIInterfaceOrientationLandscapeLeft UIInterfaceOrientationLandscapeRight";
				INFOPLIST_KEY_UISupportedInterfaceOrientations_iPhone = "UIInterfaceOrientationPortrait UIInterfaceOrientationLandscapeLeft UIInterfaceOrientationLandscapeRight";
				LD_RUNPATH_SEARCH_PATHS = (
					"$(inherited)",
					"@executable_path/Frameworks",
				);
				MARKETING_VERSION = 1.0;
				PRODUCT_BUNDLE_IDENTIFIER = com.RomanticEncounter.FLSectionBackgroundCollectionViewLayout;
				PRODUCT_NAME = "$(TARGET_NAME)";
				SWIFT_EMIT_LOC_STRINGS = YES;
				TARGETED_DEVICE_FAMILY = "1,2";
			};
			name = Release;
		};
/* End XCBuildConfiguration section */

/* Begin XCConfigurationList section */
		08FE36472948280000D5CBD6 /* Build configuration list for PBXProject "FLSectionBackgroundCollectionViewLayout" */ = {
			isa = XCConfigurationList;
			buildConfigurations = (
				08FE36632948280300D5CBD6 /* Debug */,
				08FE36642948280300D5CBD6 /* Release */,
			);
			defaultConfigurationIsVisible = 0;
			defaultConfigurationName = Release;
		};
		08FE36652948280300D5CBD6 /* Build configuration list for PBXNativeTarget "FLSectionBackgroundCollectionViewLayout" */ = {
			isa = XCConfigurationList;
			buildConfigurations = (
				08FE36662948280300D5CBD6 /* Debug */,
				08FE36672948280300D5CBD6 /* Release */,
			);
			defaultConfigurationIsVisible = 0;
			defaultConfigurationName = Release;
		};
/* End XCConfigurationList section */
	};
	rootObject = 08FE36442948280000D5CBD6 /* Project object */;
}
